
Microsoft Visual Studio Solution File, Format Version 12.00
# Visual Studio Version 16
VisualStudioVersion = 16.0.33927.289
MinimumVisualStudioVersion = 10.0.40219.1
Project("{2150E333-8FDC-42A3-9474-1A3956D46DE8}") = "Task0", "Task0", "{6E4F3535-87B6-4D06-8733-158BA9ABB26B}"
EndProject
Project("{8BC9CEB8-8B4A-11D0-8D11-00A0C91BC942}") = "Tyuiu.AhirbakievAR.Sprint0.V0", "Tyuiu.AhirbakievAR.Sprint0.V0\Tyuiu.AhirbakievAR.Sprint0.V0.vcxproj", "{D26CE086-6309-42E0-8D16-01527F53A7D2}"
EndProject
Project("{2150E333-8FDC-42A3-9474-1A3956D46DE8}") = "Task1", "Task1", "{FA7E16C9-497D-4B90-AAB5-053FD614AE8A}"
EndProject
Project("{8BC9CEB8-8B4A-11D0-8D11-00A0C91BC942}") = "Tyuiu.AhirbakievAR.Sprint0.Task1.V0", "Tyuiu.AhirbakievAR.Sprint0.Task1.V0\Tyuiu.AhirbakievAR.Sprint0.Task1.V0.vcxproj", "{FEEE073F-FEB3-4842-9319-CE0862FBF7C9}"
EndProject
Project("{8BC9CEB8-8B4A-11D0-8D11-00A0C91BC942}") = "Tyuiu.AhirbakievAR.Sprint0.Task2.V0", "Tyuiu.AhirbakievAR.Sprint0.Task2.V0\Tyuiu.AhirbakievAR.Sprint0.Task2.V0.vcxproj", "{13BB9334-0492-4531-B99D-66186FA7F666}"
EndProject
Project("{8BC9CEB8-8B4A-11D0-8D11-00A0C91BC942}") = "Tyuiu.AhirbakievAR.Sprint0.Task2.V0.Lib", "Tyuiu.AhirbakievAR.Sprint0.Task2.V0.Lib\Tyuiu.AhirbakievAR.Sprint0.Task2.V0.Lib.vcxproj", "{451725E2-8BA4-45BF-B1CE-92F7C037F2A0}"
EndProject
Project("{8BC9CEB8-8B4A-11D0-8D11-00A0C91BC942}") = "Tyuiu.AhirbakievAR.Sprint0.Task2.V0.Test", "Tyuiu.AhirbakievAR.Sprint0.Task2.V0.Test\Tyuiu.AhirbakievAR.Sprint0.Task2.V0.Test.vcxproj", "{7E532D97-62B3-4881-A21C-17DE5E802D13}"
EndProject
Project("{2150E333-8FDC-42A3-9474-1A3956D46DE8}") = "Task3", "Task3", "{B53461A7-98A7-4A10-8969-538289214C78}"
EndProject
Project("{8BC9CEB8-8B4A-11D0-8D11-00A0C91BC942}") = "Tyuiu.AhirbakievAR.Sprint0.Task3.V0", "Tyuiu.AhirbakievAR.Sprint0.Task3.V0\Tyuiu.AhirbakievAR.Sprint0.Task3.V0.vcxproj", "{99C67E7C-AA0F-4F3F-91AE-8608C03ADA92}"
EndProject
Project("{8BC9CEB8-8B4A-11D0-8D11-00A0C91BC942}") = "Tyuiu.AhirbakievAR.Sprint0.Task3.V0.Lib", "Tyuiu.AhirbakievAR.Sprint0.Task3.V0.Lib\Tyuiu.AhirbakievAR.Sprint0.Task3.V0.Lib.vcxproj", "{72C32252-33B6-43EA-8F87-A44A669D7C59}"
EndProject
Project("{8BC9CEB8-8B4A-11D0-8D11-00A0C91BC942}") = "Tyuiu.AhirbakievAR.Sprint0.Task3.V0.Test", "Tyuiu.AhirbakievAR.Sprint0.Task3.V0.Test\Tyuiu.AhirbakievAR.Sprint0.Task3.V0.Test.vcxproj", "{BC143505-4A5D-4540-A0D2-EFCE03A20F46}"
EndProject
Project("{2150E333-8FDC-42A3-9474-1A3956D46DE8}") = "Task4", "Task4", "{3B558645-7F16-481F-B24F-4D117154BA7B}"
EndProject
Project("{8BC9CEB8-8B4A-11D0-8D11-00A0C91BC942}") = "Tyuiu.AhirbakievAR.Sprint0.Task4.V1", "Tyuiu.AhirbakievAR.Sprint0.Task4.V1\Tyuiu.AhirbakievAR.Sprint0.Task4.V1.vcxproj", "{6C083B2D-9CE5-45EA-86FA-3D744976CA38}"
EndProject
Project("{8BC9CEB8-8B4A-11D0-8D11-00A0C91BC942}") = "Tyuiu.AhirbakievAR.Sprint0.Task4.V1.Lib", "Tyuiu.AhirbakievAR.Sprint0.Task4.V1.Lib\Tyuiu.AhirbakievAR.Sprint0.Task4.V1.Lib.vcxproj", "{45F13F58-198A-4562-98D9-5A02217E9762}"
EndProject
Project("{8BC9CEB8-8B4A-11D0-8D11-00A0C91BC942}") = "Tyuiu.AhirbakievAR.Sprint0.Task4.V1.Test", "Tyuiu.AhirbakievAR.Sprint0.Task4.V1.Test\Tyuiu.AhirbakievAR.Sprint0.Task4.V1.Test.vcxproj", "{8D938C45-E1EF-45D0-B936-E3FBE379E4D5}"
EndProject
Project("{2150E333-8FDC-42A3-9474-1A3956D46DE8}") = "Task5", "Task5", "{DFCAE4A3-74F7-4C87-9D36-9F99EA3F49D2}"
EndProject
Project("{8BC9CEB8-8B4A-11D0-8D11-00A0C91BC942}") = "Tyuiu.AhirbakievAR.Sprint0.Task5.V1", "Tyuiu.AhirbakievAR.Sprint0.Task5.V1\Tyuiu.AhirbakievAR.Sprint0.Task5.V1.vcxproj", "{D6C16D96-970D-4FE6-A2E8-6DCB470D7AD4}"
EndProject
Project("{8BC9CEB8-8B4A-11D0-8D11-00A0C91BC942}") = "Tyuiu.AhirbakievAR.Sprint0.Task5.V1.Lib", "Tyuiu.AhirbakievAR.Sprint0.Task5.V1.Lib\Tyuiu.AhirbakievAR.Sprint0.Task5.V1.Lib.vcxproj", "{AD86A04A-869B-4BEB-A132-E5493F5A46D9}"
EndProject
Project("{8BC9CEB8-8B4A-11D0-8D11-00A0C91BC942}") = "Tyuiu.AhirbakievAR.Sprint0.Task5.V1.Test", "Tyuiu.AhirbakievAR.Sprint0.Task5.V1.Test\Tyuiu.AhirbakievAR.Sprint0.Task5.V1.Test.vcxproj", "{E697C418-0372-48A3-8B5A-FC4BF60AC3D8}"
EndProject
Project("{2150E333-8FDC-42A3-9474-1A3956D46DE8}") = "Task6", "Task6", "{217817DC-54D9-435E-966E-69F88331D411}"
EndProject
Project("{8BC9CEB8-8B4A-11D0-8D11-00A0C91BC942}") = "Tyuiu.AhirbakievAR.Sprint0.Task6.V1", "Tyuiu.AhirbakievAR.Sprint0.Task6.V1\Tyuiu.AhirbakievAR.Sprint0.Task6.V1.vcxproj", "{1C8AA454-0753-41A1-8868-52745A82D754}"
EndProject
Project("{8BC9CEB8-8B4A-11D0-8D11-00A0C91BC942}") = "Tyuiu.AhirbakievAR.Sprint0.Task6.V1.Lib", "Tyuiu.AhirbakievAR.Sprint0.Task6.V1.Lib\Tyuiu.AhirbakievAR.Sprint0.Task6.V1.Lib.vcxproj", "{CAE790A1-2948-45A1-AFDC-861B4B399EED}"
EndProject
Project("{8BC9CEB8-8B4A-11D0-8D11-00A0C91BC942}") = "Tyuiu.AhirbakievAR.Sprint0.Task6.V1.Test", "Tyuiu.AhirbakievAR.Sprint0.Task6.V1.Test\Tyuiu.AhirbakievAR.Sprint0.Task6.V1.Test.vcxproj", "{D30A1EDD-894E-41E3-B6F7-4764051FC0B4}"
EndProject
Global
	GlobalSection(SolutionConfigurationPlatforms) = preSolution
		Debug|x64 = Debug|x64
		Debug|x86 = Debug|x86
		Release|x64 = Release|x64
		Release|x86 = Release|x86
	EndGlobalSection
	GlobalSection(ProjectConfigurationPlatforms) = postSolution
		{D26CE086-6309-42E0-8D16-01527F53A7D2}.Debug|x64.ActiveCfg = Debug|x64
		{D26CE086-6309-42E0-8D16-01527F53A7D2}.Debug|x64.Build.0 = Debug|x64
		{D26CE086-6309-42E0-8D16-01527F53A7D2}.Debug|x86.ActiveCfg = Debug|Win32
		{D26CE086-6309-42E0-8D16-01527F53A7D2}.Debug|x86.Build.0 = Debug|Win32
		{D26CE086-6309-42E0-8D16-01527F53A7D2}.Release|x64.ActiveCfg = Release|x64
		{D26CE086-6309-42E0-8D16-01527F53A7D2}.Release|x64.Build.0 = Release|x64
		{D26CE086-6309-42E0-8D16-01527F53A7D2}.Release|x86.ActiveCfg = Release|Win32
		{D26CE086-6309-42E0-8D16-01527F53A7D2}.Release|x86.Build.0 = Release|Win32
		{FEEE073F-FEB3-4842-9319-CE0862FBF7C9}.Debug|x64.ActiveCfg = Debug|x64
		{FEEE073F-FEB3-4842-9319-CE0862FBF7C9}.Debug|x64.Build.0 = Debug|x64
		{FEEE073F-FEB3-4842-9319-CE0862FBF7C9}.Debug|x86.ActiveCfg = Debug|Win32
		{FEEE073F-FEB3-4842-9319-CE0862FBF7C9}.Debug|x86.Build.0 = Debug|Win32
		{FEEE073F-FEB3-4842-9319-CE0862FBF7C9}.Release|x64.ActiveCfg = Release|x64
		{FEEE073F-FEB3-4842-9319-CE0862FBF7C9}.Release|x64.Build.0 = Release|x64
		{FEEE073F-FEB3-4842-9319-CE0862FBF7C9}.Release|x86.ActiveCfg = Release|Win32
		{FEEE073F-FEB3-4842-9319-CE0862FBF7C9}.Release|x86.Build.0 = Release|Win32
		{13BB9334-0492-4531-B99D-66186FA7F666}.Debug|x64.ActiveCfg = Debug|x64
		{13BB9334-0492-4531-B99D-66186FA7F666}.Debug|x64.Build.0 = Debug|x64
		{13BB9334-0492-4531-B99D-66186FA7F666}.Debug|x86.ActiveCfg = Debug|Win32
		{13BB9334-0492-4531-B99D-66186FA7F666}.Debug|x86.Build.0 = Debug|Win32
		{13BB9334-0492-4531-B99D-66186FA7F666}.Release|x64.ActiveCfg = Release|x64
		{13BB9334-0492-4531-B99D-66186FA7F666}.Release|x64.Build.0 = Release|x64
		{13BB9334-0492-4531-B99D-66186FA7F666}.Release|x86.ActiveCfg = Release|Win32
		{13BB9334-0492-4531-B99D-66186FA7F666}.Release|x86.Build.0 = Release|Win32
		{451725E2-8BA4-45BF-B1CE-92F7C037F2A0}.Debug|x64.ActiveCfg = Debug|x64
		{451725E2-8BA4-45BF-B1CE-92F7C037F2A0}.Debug|x64.Build.0 = Debug|x64
		{451725E2-8BA4-45BF-B1CE-92F7C037F2A0}.Debug|x86.ActiveCfg = Debug|Win32
		{451725E2-8BA4-45BF-B1CE-92F7C037F2A0}.Debug|x86.Build.0 = Debug|Win32
		{451725E2-8BA4-45BF-B1CE-92F7C037F2A0}.Release|x64.ActiveCfg = Release|x64
		{451725E2-8BA4-45BF-B1CE-92F7C037F2A0}.Release|x64.Build.0 = Release|x64
		{451725E2-8BA4-45BF-B1CE-92F7C037F2A0}.Release|x86.ActiveCfg = Release|Win32
		{451725E2-8BA4-45BF-B1CE-92F7C037F2A0}.Release|x86.Build.0 = Release|Win32
		{7E532D97-62B3-4881-A21C-17DE5E802D13}.Debug|x64.ActiveCfg = Debug|x64
		{7E532D97-62B3-4881-A21C-17DE5E802D13}.Debug|x64.Build.0 = Debug|x64
		{7E532D97-62B3-4881-A21C-17DE5E802D13}.Debug|x86.ActiveCfg = Debug|Win32
		{7E532D97-62B3-4881-A21C-17DE5E802D13}.Debug|x86.Build.0 = Debug|Win32
		{7E532D97-62B3-4881-A21C-17DE5E802D13}.Release|x64.ActiveCfg = Release|x64
		{7E532D97-62B3-4881-A21C-17DE5E802D13}.Release|x64.Build.0 = Release|x64
		{7E532D97-62B3-4881-A21C-17DE5E802D13}.Release|x86.ActiveCfg = Release|Win32
		{7E532D97-62B3-4881-A21C-17DE5E802D13}.Release|x86.Build.0 = Release|Win32
		{99C67E7C-AA0F-4F3F-91AE-8608C03ADA92}.Debug|x64.ActiveCfg = Debug|x64
		{99C67E7C-AA0F-4F3F-91AE-8608C03ADA92}.Debug|x64.Build.0 = Debug|x64
		{99C67E7C-AA0F-4F3F-91AE-8608C03ADA92}.Debug|x86.ActiveCfg = Debug|Win32
		{99C67E7C-AA0F-4F3F-91AE-8608C03ADA92}.Debug|x86.Build.0 = Debug|Win32
		{99C67E7C-AA0F-4F3F-91AE-8608C03ADA92}.Release|x64.ActiveCfg = Release|x64
		{99C67E7C-AA0F-4F3F-91AE-8608C03ADA92}.Release|x64.Build.0 = Release|x64
		{99C67E7C-AA0F-4F3F-91AE-8608C03ADA92}.Release|x86.ActiveCfg = Release|Win32
		{99C67E7C-AA0F-4F3F-91AE-8608C03ADA92}.Release|x86.Build.0 = Release|Win32
		{72C32252-33B6-43EA-8F87-A44A669D7C59}.Debug|x64.ActiveCfg = Debug|x64
		{72C32252-33B6-43EA-8F87-A44A669D7C59}.Debug|x64.Build.0 = Debug|x64
		{72C32252-33B6-43EA-8F87-A44A669D7C59}.Debug|x86.ActiveCfg = Debug|Win32
		{72C32252-33B6-43EA-8F87-A44A669D7C59}.Debug|x86.Build.0 = Debug|Win32
		{72C32252-33B6-43EA-8F87-A44A669D7C59}.Release|x64.ActiveCfg = Release|x64
		{72C32252-33B6-43EA-8F87-A44A669D7C59}.Release|x64.Build.0 = Release|x64
		{72C32252-33B6-43EA-8F87-A44A669D7C59}.Release|x86.ActiveCfg = Release|Win32
		{72C32252-33B6-43EA-8F87-A44A669D7C59}.Release|x86.Build.0 = Release|Win32
		{BC143505-4A5D-4540-A0D2-EFCE03A20F46}.Debug|x64.ActiveCfg = Debug|x64
		{BC143505-4A5D-4540-A0D2-EFCE03A20F46}.Debug|x64.Build.0 = Debug|x64
		{BC143505-4A5D-4540-A0D2-EFCE03A20F46}.Debug|x86.ActiveCfg = Debug|Win32
		{BC143505-4A5D-4540-A0D2-EFCE03A20F46}.Debug|x86.Build.0 = Debug|Win32
		{BC143505-4A5D-4540-A0D2-EFCE03A20F46}.Release|x64.ActiveCfg = Release|x64
		{BC143505-4A5D-4540-A0D2-EFCE03A20F46}.Release|x64.Build.0 = Release|x64
		{BC143505-4A5D-4540-A0D2-EFCE03A20F46}.Release|x86.ActiveCfg = Release|Win32
		{BC143505-4A5D-4540-A0D2-EFCE03A20F46}.Release|x86.Build.0 = Release|Win32
		{6C083B2D-9CE5-45EA-86FA-3D744976CA38}.Debug|x64.ActiveCfg = Debug|x64
		{6C083B2D-9CE5-45EA-86FA-3D744976CA38}.Debug|x64.Build.0 = Debug|x64
		{6C083B2D-9CE5-45EA-86FA-3D744976CA38}.Debug|x86.ActiveCfg = Debug|Win32
		{6C083B2D-9CE5-45EA-86FA-3D744976CA38}.Debug|x86.Build.0 = Debug|Win32
		{6C083B2D-9CE5-45EA-86FA-3D744976CA38}.Release|x64.ActiveCfg = Release|x64
		{6C083B2D-9CE5-45EA-86FA-3D744976CA38}.Release|x64.Build.0 = Release|x64
		{6C083B2D-9CE5-45EA-86FA-3D744976CA38}.Release|x86.ActiveCfg = Release|Win32
		{6C083B2D-9CE5-45EA-86FA-3D744976CA38}.Release|x86.Build.0 = Release|Win32
		{45F13F58-198A-4562-98D9-5A02217E9762}.Debug|x64.ActiveCfg = Debug|x64
		{45F13F58-198A-4562-98D9-5A02217E9762}.Debug|x64.Build.0 = Debug|x64
		{45F13F58-198A-4562-98D9-5A02217E9762}.Debug|x86.ActiveCfg = Debug|Win32
		{45F13F58-198A-4562-98D9-5A02217E9762}.Debug|x86.Build.0 = Debug|Win32
		{45F13F58-198A-4562-98D9-5A02217E9762}.Release|x64.ActiveCfg = Release|x64
		{45F13F58-198A-4562-98D9-5A02217E9762}.Release|x64.Build.0 = Release|x64
		{45F13F58-198A-4562-98D9-5A02217E9762}.Release|x86.ActiveCfg = Release|Win32
		{45F13F58-198A-4562-98D9-5A02217E9762}.Release|x86.Build.0 = Release|Win32
		{8D938C45-E1EF-45D0-B936-E3FBE379E4D5}.Debug|x64.ActiveCfg = Debug|x64
		{8D938C45-E1EF-45D0-B936-E3FBE379E4D5}.Debug|x64.Build.0 = Debug|x64
		{8D938C45-E1EF-45D0-B936-E3FBE379E4D5}.Debug|x86.ActiveCfg = Debug|Win32
		{8D938C45-E1EF-45D0-B936-E3FBE379E4D5}.Debug|x86.Build.0 = Debug|Win32
		{8D938C45-E1EF-45D0-B936-E3FBE379E4D5}.Release|x64.ActiveCfg = Release|x64
		{8D938C45-E1EF-45D0-B936-E3FBE379E4D5}.Release|x64.Build.0 = Release|x64
		{8D938C45-E1EF-45D0-B936-E3FBE379E4D5}.Release|x86.ActiveCfg = Release|Win32
		{8D938C45-E1EF-45D0-B936-E3FBE379E4D5}.Release|x86.Build.0 = Release|Win32
		{D6C16D96-970D-4FE6-A2E8-6DCB470D7AD4}.Debug|x64.ActiveCfg = Debug|x64
		{D6C16D96-970D-4FE6-A2E8-6DCB470D7AD4}.Debug|x64.Build.0 = Debug|x64
		{D6C16D96-970D-4FE6-A2E8-6DCB470D7AD4}.Debug|x86.ActiveCfg = Debug|Win32
		{D6C16D96-970D-4FE6-A2E8-6DCB470D7AD4}.Debug|x86.Build.0 = Debug|Win32
		{D6C16D96-970D-4FE6-A2E8-6DCB470D7AD4}.Release|x64.ActiveCfg = Release|x64
		{D6C16D96-970D-4FE6-A2E8-6DCB470D7AD4}.Release|x64.Build.0 = Release|x64
		{D6C16D96-970D-4FE6-A2E8-6DCB470D7AD4}.Release|x86.ActiveCfg = Release|Win32
		{D6C16D96-970D-4FE6-A2E8-6DCB470D7AD4}.Release|x86.Build.0 = Release|Win32
		{AD86A04A-869B-4BEB-A132-E5493F5A46D9}.Debug|x64.ActiveCfg = Debug|x64
		{AD86A04A-869B-4BEB-A132-E5493F5A46D9}.Debug|x64.Build.0 = Debug|x64
		{AD86A04A-869B-4BEB-A132-E5493F5A46D9}.Debug|x86.ActiveCfg = Debug|Win32
		{AD86A04A-869B-4BEB-A132-E5493F5A46D9}.Debug|x86.Build.0 = Debug|Win32
		{AD86A04A-869B-4BEB-A132-E5493F5A46D9}.Release|x64.ActiveCfg = Release|x64
		{AD86A04A-869B-4BEB-A132-E5493F5A46D9}.Release|x64.Build.0 = Release|x64
		{AD86A04A-869B-4BEB-A132-E5493F5A46D9}.Release|x86.ActiveCfg = Release|Win32
		{AD86A04A-869B-4BEB-A132-E5493F5A46D9}.Release|x86.Build.0 = Release|Win32
		{E697C418-0372-48A3-8B5A-FC4BF60AC3D8}.Debug|x64.ActiveCfg = Debug|x64
		{E697C418-0372-48A3-8B5A-FC4BF60AC3D8}.Debug|x64.Build.0 = Debug|x64
		{E697C418-0372-48A3-8B5A-FC4BF60AC3D8}.Debug|x86.ActiveCfg = Debug|Win32
		{E697C418-0372-48A3-8B5A-FC4BF60AC3D8}.Debug|x86.Build.0 = Debug|Win32
		{E697C418-0372-48A3-8B5A-FC4BF60AC3D8}.Release|x64.ActiveCfg = Release|x64
		{E697C418-0372-48A3-8B5A-FC4BF60AC3D8}.Release|x64.Build.0 = Release|x64
		{E697C418-0372-48A3-8B5A-FC4BF60AC3D8}.Release|x86.ActiveCfg = Release|Win32
		{E697C418-0372-48A3-8B5A-FC4BF60AC3D8}.Release|x86.Build.0 = Release|Win32
		{1C8AA454-0753-41A1-8868-52745A82D754}.Debug|x64.ActiveCfg = Debug|x64
		{1C8AA454-0753-41A1-8868-52745A82D754}.Debug|x64.Build.0 = Debug|x64
		{1C8AA454-0753-41A1-8868-52745A82D754}.Debug|x86.ActiveCfg = Debug|Win32
		{1C8AA454-0753-41A1-8868-52745A82D754}.Debug|x86.Build.0 = Debug|Win32
		{1C8AA454-0753-41A1-8868-52745A82D754}.Release|x64.ActiveCfg = Release|x64
		{1C8AA454-0753-41A1-8868-52745A82D754}.Release|x64.Build.0 = Release|x64
		{1C8AA454-0753-41A1-8868-52745A82D754}.Release|x86.ActiveCfg = Release|Win32
		{1C8AA454-0753-41A1-8868-52745A82D754}.Release|x86.Build.0 = Release|Win32
		{CAE790A1-2948-45A1-AFDC-861B4B399EED}.Debug|x64.ActiveCfg = Debug|x64
		{CAE790A1-2948-45A1-AFDC-861B4B399EED}.Debug|x64.Build.0 = Debug|x64
		{CAE790A1-2948-45A1-AFDC-861B4B399EED}.Debug|x86.ActiveCfg = Debug|Win32
		{CAE790A1-2948-45A1-AFDC-861B4B399EED}.Debug|x86.Build.0 = Debug|Win32
		{CAE790A1-2948-45A1-AFDC-861B4B399EED}.Release|x64.ActiveCfg = Release|x64
		{CAE790A1-2948-45A1-AFDC-861B4B399EED}.Release|x64.Build.0 = Release|x64
		{CAE790A1-2948-45A1-AFDC-861B4B399EED}.Release|x86.ActiveCfg = Release|Win32
		{CAE790A1-2948-45A1-AFDC-861B4B399EED}.Release|x86.Build.0 = Release|Win32
		{D30A1EDD-894E-41E3-B6F7-4764051FC0B4}.Debug|x64.ActiveCfg = Debug|x64
		{D30A1EDD-894E-41E3-B6F7-4764051FC0B4}.Debug|x64.Build.0 = Debug|x64
		{D30A1EDD-894E-41E3-B6F7-4764051FC0B4}.Debug|x86.ActiveCfg = Debug|Win32
		{D30A1EDD-894E-41E3-B6F7-4764051FC0B4}.Debug|x86.Build.0 = Debug|Win32
		{D30A1EDD-894E-41E3-B6F7-4764051FC0B4}.Release|x64.ActiveCfg = Release|x64
		{D30A1EDD-894E-41E3-B6F7-4764051FC0B4}.Release|x64.Build.0 = Release|x64
		{D30A1EDD-894E-41E3-B6F7-4764051FC0B4}.Release|x86.ActiveCfg = Release|Win32
		{D30A1EDD-894E-41E3-B6F7-4764051FC0B4}.Release|x86.Build.0 = Release|Win32
	EndGlobalSection
	GlobalSection(SolutionProperties) = preSolution
		HideSolutionNode = FALSE
	EndGlobalSection
	GlobalSection(NestedProjects) = preSolution
		{D26CE086-6309-42E0-8D16-01527F53A7D2} = {6E4F3535-87B6-4D06-8733-158BA9ABB26B}
		{FEEE073F-FEB3-4842-9319-CE0862FBF7C9} = {FA7E16C9-497D-4B90-AAB5-053FD614AE8A}
		{99C67E7C-AA0F-4F3F-91AE-8608C03ADA92} = {B53461A7-98A7-4A10-8969-538289214C78}
		{72C32252-33B6-43EA-8F87-A44A669D7C59} = {B53461A7-98A7-4A10-8969-538289214C78}
		{BC143505-4A5D-4540-A0D2-EFCE03A20F46} = {B53461A7-98A7-4A10-8969-538289214C78}
		{6C083B2D-9CE5-45EA-86FA-3D744976CA38} = {3B558645-7F16-481F-B24F-4D117154BA7B}
		{45F13F58-198A-4562-98D9-5A02217E9762} = {3B558645-7F16-481F-B24F-4D117154BA7B}
		{8D938C45-E1EF-45D0-B936-E3FBE379E4D5} = {3B558645-7F16-481F-B24F-4D117154BA7B}
		{D6C16D96-970D-4FE6-A2E8-6DCB470D7AD4} = {DFCAE4A3-74F7-4C87-9D36-9F99EA3F49D2}
		{AD86A04A-869B-4BEB-A132-E5493F5A46D9} = {DFCAE4A3-74F7-4C87-9D36-9F99EA3F49D2}
		{E697C418-0372-48A3-8B5A-FC4BF60AC3D8} = {DFCAE4A3-74F7-4C87-9D36-9F99EA3F49D2}
		{1C8AA454-0753-41A1-8868-52745A82D754} = {217817DC-54D9-435E-966E-69F88331D411}
		{CAE790A1-2948-45A1-AFDC-861B4B399EED} = {217817DC-54D9-435E-966E-69F88331D411}
		{D30A1EDD-894E-41E3-B6F7-4764051FC0B4} = {217817DC-54D9-435E-966E-69F88331D411}
	EndGlobalSection
	GlobalSection(ExtensibilityGlobals) = postSolution
		SolutionGuid = {B851E127-1E30-424F-B2EF-FDAA9E27E816}
	EndGlobalSection
EndGlobal
